{
  "requires": true,
  "lockfileVersion": 1,
  "dependencies": {
    "vegas": {
      "version": "2.4.4",
      "resolved": "https://registry.npmjs.org/vegas/-/vegas-2.4.4.tgz",
      "integrity": "sha512-EIyoxjcpkAXT3po1aVLe16gAweQQGnQ8TkfAmJMs5OuaQVY2jNrfAgEemuSPh96jWHdNR6XOma9xSwO2epw6Fg=="
    }
  }
}
